# THIS IS AN AUTOGENERATED FILE. DO NOT EDIT THIS FILE DIRECTLY.
# yarn lockfile v1


"@polka/url@^1.0.0-next.20":
  "integrity" "sha512-a5Sab1C4/icpTZVzZc5Ghpz88yQtGOyNqYXcZgOssB2uuAr+wF/MvN6bgtW32q7HHrvBki+BsZ0OuNv6EV3K9g=="
  "resolved" "https://registry.npmjs.org/@polka/url/-/url-1.0.0-next.21.tgz"
  "version" "1.0.0-next.21"

"mrmime@^1.0.0":
  "integrity" "sha512-a70zx7zFfVO7XpnQ2IX1Myh9yY4UYvfld/dikWRnsXxbyvMcfz+u6UfgNAtH+k2QqtJuzVpv6eLTx1G2+WKZbQ=="
  "resolved" "https://registry.npmjs.org/mrmime/-/mrmime-1.0.0.tgz"
  "version" "1.0.0"

"sirv@^2.0.2":
  "integrity" "sha512-4Qog6aE29nIjAOKe/wowFTxOdmbEZKb+3tsLljaBRzJwtqto0BChD2zzH0LhgCSXiI+V7X+Y45v14wBZQ1TK3w=="
  "resolved" "https://registry.npmjs.org/sirv/-/sirv-2.0.2.tgz"
  "version" "2.0.2"
  dependencies:
    "@polka/url" "^1.0.0-next.20"
    "mrmime" "^1.0.0"
    "totalist" "^3.0.0"

"totalist@^3.0.0":
  "integrity" "sha512-eM+pCBxXO/njtF7vdFsHuqb+ElbxqtI4r5EAvk6grfAFyJ6IvWlSkfZ5T9ozC6xWw3Fj1fGoSmrl0gUs46JVIw=="
  "resolved" "https://registry.npmjs.org/totalist/-/totalist-3.0.0.tgz"
  "version" "3.0.0"
